
Microsoft Visual Studio Solution File, Format Version 12.00
# Visual Studio Version 17
VisualStudioVersion = 17.0.32014.148
MinimumVisualStudioVersion = 10.0.40219.1
Project("{2150E333-8FDC-42A3-9474-1A3956D46DE8}") = "src", "src", "{6CC93FEB-20A1-42F0-B334-0F790BB9A95D}"
EndProject
Project("{9A19103F-16F7-4668-BE54-9A1E7A4F7556}") = "CleanArchitecture.Application", "src\CleanArchitecture.Application\CleanArchitecture.Application.csproj", "{2C411322-EC46-4773-B9A6-8D8DED82DD23}"
EndProject
Project("{9A19103F-16F7-4668-BE54-9A1E7A4F7556}") = "CleanArchitecture.Core", "src\CleanArchitecture.Core\CleanArchitecture.Core.csproj", "{C465CCAE-A2EE-40E7-A236-8DB42A42139D}"
EndProject
Project("{9A19103F-16F7-4668-BE54-9A1E7A4F7556}") = "CleanArchitecture.Infrastructure", "src\CleanArchitecture.Infrastructure\CleanArchitecture.Infrastructure.csproj", "{712A7495-E87C-48F9-B480-F1F4F877A19A}"
EndProject
Project("{9A19103F-16F7-4668-BE54-9A1E7A4F7556}") = "CleanArchitecture.API", "src\CleanArchitecture.API\CleanArchitecture.API.csproj", "{716842D6-139E-48F1-9EA2-035A0CCF3B96}"
EndProject
Project("{2150E333-8FDC-42A3-9474-1A3956D46DE8}") = "Solution Items", "Solution Items", "{D2F62365-B202-4200-A49C-DC509722B107}"
	ProjectSection(SolutionItems) = preProject
		README.md = README.md
	EndProjectSection
EndProject
Global
	GlobalSection(SolutionConfigurationPlatforms) = preSolution
		Debug|Any CPU = Debug|Any CPU
		Release|Any CPU = Release|Any CPU
	EndGlobalSection
	GlobalSection(ProjectConfigurationPlatforms) = postSolution
		{2C411322-EC46-4773-B9A6-8D8DED82DD23}.Debug|Any CPU.ActiveCfg = Debug|Any CPU
		{2C411322-EC46-4773-B9A6-8D8DED82DD23}.Debug|Any CPU.Build.0 = Debug|Any CPU
		{2C411322-EC46-4773-B9A6-8D8DED82DD23}.Release|Any CPU.ActiveCfg = Release|Any CPU
		{2C411322-EC46-4773-B9A6-8D8DED82DD23}.Release|Any CPU.Build.0 = Release|Any CPU
		{C465CCAE-A2EE-40E7-A236-8DB42A42139D}.Debug|Any CPU.ActiveCfg = Debug|Any CPU
		{C465CCAE-A2EE-40E7-A236-8DB42A42139D}.Debug|Any CPU.Build.0 = Debug|Any CPU
		{C465CCAE-A2EE-40E7-A236-8DB42A42139D}.Release|Any CPU.ActiveCfg = Release|Any CPU
		{C465CCAE-A2EE-40E7-A236-8DB42A42139D}.Release|Any CPU.Build.0 = Release|Any CPU
		{712A7495-E87C-48F9-B480-F1F4F877A19A}.Debug|Any CPU.ActiveCfg = Debug|Any CPU
		{712A7495-E87C-48F9-B480-F1F4F877A19A}.Debug|Any CPU.Build.0 = Debug|Any CPU
		{712A7495-E87C-48F9-B480-F1F4F877A19A}.Release|Any CPU.ActiveCfg = Release|Any CPU
		{712A7495-E87C-48F9-B480-F1F4F877A19A}.Release|Any CPU.Build.0 = Release|Any CPU
		{716842D6-139E-48F1-9EA2-035A0CCF3B96}.Debug|Any CPU.ActiveCfg = Debug|Any CPU
		{716842D6-139E-48F1-9EA2-035A0CCF3B96}.Debug|Any CPU.Build.0 = Debug|Any CPU
		{716842D6-139E-48F1-9EA2-035A0CCF3B96}.Release|Any CPU.ActiveCfg = Release|Any CPU
		{716842D6-139E-48F1-9EA2-035A0CCF3B96}.Release|Any CPU.Build.0 = Release|Any CPU
	EndGlobalSection
	GlobalSection(SolutionProperties) = preSolution
		HideSolutionNode = FALSE
	EndGlobalSection
	GlobalSection(NestedProjects) = preSolution
		{2C411322-EC46-4773-B9A6-8D8DED82DD23} = {6CC93FEB-20A1-42F0-B334-0F790BB9A95D}
		{C465CCAE-A2EE-40E7-A236-8DB42A42139D} = {6CC93FEB-20A1-42F0-B334-0F790BB9A95D}
		{712A7495-E87C-48F9-B480-F1F4F877A19A} = {6CC93FEB-20A1-42F0-B334-0F790BB9A95D}
		{716842D6-139E-48F1-9EA2-035A0CCF3B96} = {6CC93FEB-20A1-42F0-B334-0F790BB9A95D}
	EndGlobalSection
	GlobalSection(ExtensibilityGlobals) = postSolution
		SolutionGuid = {A79B9EBD-2DC3-4446-B1AD-9D6CD40EBAAE}
	EndGlobalSection
EndGlobal
